{
  "name": "npm_registry",
  "version": "1.0.0",
  "lockfileVersion": 1,
  "requires": true,
  "dependencies": {
    "json": {
      "version": "9.0.5",
      "resolved": "http://localhost:8080/api/folo/track/build-npm-registry-001/npm/remote/npmjs/json/-/json-9.0.5.tgz",
      "integrity": "sha1-NNxED2LzMtC/CGmEdUCLNsAhVH4="
    },
    "rest": {
      "version": "1.3.2",
      "resolved": "http://localhost:8080/api/folo/track/build-npm-registry-001/npm/remote/npmjs/rest/-/rest-1.3.2.tgz",
      "integrity": "sha1-BBm2ShQ0xy+bFYBK3MnTUFkkcHs=",
      "requires": {
        "when": "~3"
      }
    },
    "when": {
      "version": "3.7.8",
      "resolved": "http://localhost:8080/api/folo/track/build-npm-registry-001/npm/remote/npmjs/when/-/when-3.7.8.tgz",
      "integrity": "sha1-xxMLan6gRpPoQs3J56Hyqjmjn4I="
    }
  }
}
